PODS:
  - LZUIKit (2.1.1):
    - LZUIKit/Core (= 2.1.1)
  - LZUIKit/Array (2.1.1)
  - LZUIKit/Button (2.1.1)
  - LZUIKit/ControllerItem (2.1.1)
  - LZUIKit/Core (2.1.1):
    - LZUIKit/Array
    - LZUIKit/Button
    - LZUIKit/ControllerItem
    - LZUIKit/Data
    - LZUIKit/Date
    - LZUIKit/DateFormatter
    - LZUIKit/Double
    - LZUIKit/Float
    - LZUIKit/Int
    - LZUIKit/JSONData
    - LZUIKit/JSONDecoder
    - LZUIKit/LoadingView
    - LZUIKit/NumberFormatter
    - LZUIKit/OptionTextField
    - LZUIKit/String
    - LZUIKit/TableViewEmptyMessage
    - LZUIKit/UIColor
    - LZUIKit/URL
    - LZUIKit/View
    - LZUIKit/ZoomViewer
  - LZUIKit/Data (2.1.1)
  - LZUIKit/Date (2.1.1):
    - LZUIKit/DateFormatter
  - LZUIKit/DateFormatter (2.1.1)
  - LZUIKit/Double (2.1.1):
    - LZUIKit/NumberFormatter
  - LZUIKit/Float (2.1.1):
    - LZUIKit/Double
    - LZUIKit/NumberFormatter
  - LZUIKit/Int (2.1.1)
  - LZUIKit/JSONData (2.1.1)
  - LZUIKit/JSONDecoder (2.1.1)
  - LZUIKit/LoadingView (2.1.1)
  - LZUIKit/NumberFormatter (2.1.1)
  - LZUIKit/OptionTextField (2.1.1)
  - LZUIKit/String (2.1.1)
  - LZUIKit/TableViewEmptyMessage (2.1.1)
  - LZUIKit/UIColor (2.1.1)
  - LZUIKit/URL (2.1.1)
  - LZUIKit/View (2.1.1)
  - LZUIKit/ZoomViewer (2.1.1)

DEPENDENCIES:
  - LZUIKit (from `../`)

EXTERNAL SOURCES:
  LZUIKit:
    :path: "../"

SPEC CHECKSUMS:
  LZUIKit: 4b52bd3fdacd4695f2c0d2a6d07051b7672c5b78

PODFILE CHECKSUM: 60a288bacfc1150fa5332a731ce40d2eacc943db

COCOAPODS: 1.14.2
