{
  "originHash" : "ec39edab4b29ff03dce8f6c97be373c852900ad6db755de3576854a918258e5a",
  "pins" : [
    {
      "identity" : "lzfoundation",
      "kind" : "remoteSourceControl",
      "location" : "https://github.com/coollazy/LZFoundation.git",
      "state" : {
        "revision" : "a7295c1579bb55404f0af2323583d667d0ac5f5a",
        "version" : "1.0.1"
      }
    }
  ],
  "version" : 3
}
