{
  "originHash" : "bcdf9f08796b811ff1efc750769aca537ce035628ea7d31defff89060632923f",
  "pins" : [
    {
      "identity" : "lzfoundation",
      "kind" : "remoteSourceControl",
      "location" : "https://github.com/coollazy/LZFoundation.git",
      "state" : {
        "revision" : "9f05524802a81ae629ebfdf8ba1faae134f276eb",
        "version" : "1.1.0"
      }
    }
  ],
  "version" : 3
}
